// !$*UTF8*$!
{
	archiveVersion = 1;
	classes = {
	};
	objectVersion = 50;
	objects = {

/* Begin PBXBuildFile section */
		7B4BB43A23CC15190008C02A /* ProgressBar.swift in Sources */ = {isa = PBXBuildFile; fileRef = 7B4BB43923CC15190008C02A /* ProgressBar.swift */; };
		7B4BB43C23CC166C0008C02A /* findField.swift in Sources */ = {isa = PBXBuildFile; fileRef = 7B4BB43B23CC166C0008C02A /* findField.swift */; };
		7B4BB43E23CCA8CD0008C02A /* fieldImage.swift in Sources */ = {isa = PBXBuildFile; fileRef = 7B4BB43D23CCA8CC0008C02A /* fieldImage.swift */; };
		7B4BB44023CCB31D0008C02A /* fieldAnnotation.swift in Sources */ = {isa = PBXBuildFile; fileRef = 7B4BB43F23CCB31D0008C02A /* fieldAnnotation.swift */; };
		7B4BB44223CCC8030008C02A /* Gauge.swift in Sources */ = {isa = PBXBuildFile; fileRef = 7B4BB44123CCC8030008C02A /* Gauge.swift */; };
		7B4BB44423D00A790008C02A /* drawTape.swift in Sources */ = {isa = PBXBuildFile; fileRef = 7B4BB44323D00A790008C02A /* drawTape.swift */; };
		7B57602A23CA64E300656D97 /* AppDelegate.swift in Sources */ = {isa = PBXBuildFile; fileRef = 7B57602923CA64E300656D97 /* AppDelegate.swift */; };
		7B57602C23CA64E300656D97 /* SceneDelegate.swift in Sources */ = {isa = PBXBuildFile; fileRef = 7B57602B23CA64E300656D97 /* SceneDelegate.swift */; };
		7B57602F23CA64E300656D97 /* BLETest.xcdatamodeld in Sources */ = {isa = PBXBuildFile; fileRef = 7B57602D23CA64E300656D97 /* BLETest.xcdatamodeld */; };
		7B57603123CA64E300656D97 /* ContentView.swift in Sources */ = {isa = PBXBuildFile; fileRef = 7B57603023CA64E300656D97 /* ContentView.swift */; };
		7B57603623CA64E900656D97 /* Preview Assets.xcassets in Resources */ = {isa = PBXBuildFile; fileRef = 7B57603523CA64E900656D97 /* Preview Assets.xcassets */; };
		7B57603923CA64E900656D97 /* LaunchScreen.storyboard in Resources */ = {isa = PBXBuildFile; fileRef = 7B57603723CA64E900656D97 /* LaunchScreen.storyboard */; };
		7B57604423CA64E900656D97 /* BLETestTests.swift in Sources */ = {isa = PBXBuildFile; fileRef = 7B57604323CA64E900656D97 /* BLETestTests.swift */; };
		7B57604F23CA64E900656D97 /* BLETestUITests.swift in Sources */ = {isa = PBXBuildFile; fileRef = 7B57604E23CA64E900656D97 /* BLETestUITests.swift */; };
		7B57606123CA6DE400656D97 /* UUIDKey.swift in Sources */ = {isa = PBXBuildFile; fileRef = 7B57606023CA6DE300656D97 /* UUIDKey.swift */; };
		7B6AF9AF23D6BC220009E971 /* Assets copy.xcassets in Resources */ = {isa = PBXBuildFile; fileRef = 7B6AF9AE23D6BC220009E971 /* Assets copy.xcassets */; };
		7B6AF9B123D6C2660009E971 /* Default-568h@2x.png in Resources */ = {isa = PBXBuildFile; fileRef = 7B6AF9B023D6C2660009E971 /* Default-568h@2x.png */; };
		7B85D98F23D1642900DE33BC /* txStick.swift in Sources */ = {isa = PBXBuildFile; fileRef = 7B85D98E23D1642900DE33BC /* txStick.swift */; };
		7B85D99123D1F38500DE33BC /* cometTail.swift in Sources */ = {isa = PBXBuildFile; fileRef = 7B85D99023D1F38500DE33BC /* cometTail.swift */; };
		7B85D99323D2BC6C00DE33BC /* updateIncomingData.swift in Sources */ = {isa = PBXBuildFile; fileRef = 7B85D99223D2BC6C00DE33BC /* updateIncomingData.swift */; };
		7B85D99523D3E5EE00DE33BC /* BLELocation.swift in Sources */ = {isa = PBXBuildFile; fileRef = 7B85D99423D3E5EE00DE33BC /* BLELocation.swift */; };
		7BCC386123D4DD0B00B23DFD /* FieldMap.swift in Sources */ = {isa = PBXBuildFile; fileRef = 7BCC386023D4DD0B00B23DFD /* FieldMap.swift */; };
		7BCC386323D4E23800B23DFD /* JAFOMain.swift in Sources */ = {isa = PBXBuildFile; fileRef = 7BCC386223D4E23800B23DFD /* JAFOMain.swift */; };
		7BCC386723D4F70E00B23DFD /* JAFOMapOnly.swift in Sources */ = {isa = PBXBuildFile; fileRef = 7BCC386623D4F70E00B23DFD /* JAFOMapOnly.swift */; };
		7BCC386923D4F78200B23DFD /* JAFODeviceList.swift in Sources */ = {isa = PBXBuildFile; fileRef = 7BCC386823D4F78200B23DFD /* JAFODeviceList.swift */; };
		7BCC386B23D5635C00B23DFD /* AlertView.swift in Sources */ = {isa = PBXBuildFile; fileRef = 7BCC386A23D5635C00B23DFD /* AlertView.swift */; };
/* End PBXBuildFile section */

/* Begin PBXContainerItemProxy section */
		7B57604023CA64E900656D97 /* PBXContainerItemProxy */ = {
			isa = PBXContainerItemProxy;
			containerPortal = 7B57601E23CA64E300656D97 /* Project object */;
			proxyType = 1;
			remoteGlobalIDString = 7B57602523CA64E300656D97;
			remoteInfo = BLETest;
		};
		7B57604B23CA64E900656D97 /* PBXContainerItemProxy */ = {
			isa = PBXContainerItemProxy;
			containerPortal = 7B57601E23CA64E300656D97 /* Project object */;
			proxyType = 1;
			remoteGlobalIDString = 7B57602523CA64E300656D97;
			remoteInfo = BLETest;
		};
/* End PBXContainerItemProxy section */

/* Begin PBXFileReference section */
		7B4BB43923CC15190008C02A /* ProgressBar.swift */ = {isa = PBXFileReference; lastKnownFileType = sourcecode.swift; path = ProgressBar.swift; sourceTree = "<group>"; };
		7B4BB43B23CC166C0008C02A /* findField.swift */ = {isa = PBXFileReference; lastKnownFileType = sourcecode.swift; path = findField.swift; sourceTree = "<group>"; };
		7B4BB43D23CCA8CC0008C02A /* fieldImage.swift */ = {isa = PBXFileReference; lastKnownFileType = sourcecode.swift; path = fieldImage.swift; sourceTree = "<group>"; };
		7B4BB43F23CCB31D0008C02A /* fieldAnnotation.swift */ = {isa = PBXFileReference; lastKnownFileType = sourcecode.swift; path = fieldAnnotation.swift; sourceTree = "<group>"; };
		7B4BB44123CCC8030008C02A /* Gauge.swift */ = {isa = PBXFileReference; lastKnownFileType = sourcecode.swift; path = Gauge.swift; sourceTree = "<group>"; };
		7B4BB44323D00A790008C02A /* drawTape.swift */ = {isa = PBXFileReference; lastKnownFileType = sourcecode.swift; path = drawTape.swift; sourceTree = "<group>"; };
		7B57602623CA64E300656D97 /* JAFO.app */ = {isa = PBXFileReference; explicitFileType = wrapper.application; includeInIndex = 0; path = JAFO.app; sourceTree = BUILT_PRODUCTS_DIR; };
		7B57602923CA64E300656D97 /* AppDelegate.swift */ = {isa = PBXFileReference; lastKnownFileType = sourcecode.swift; path = AppDelegate.swift; sourceTree = "<group>"; };
		7B57602B23CA64E300656D97 /* SceneDelegate.swift */ = {isa = PBXFileReference; lastKnownFileType = sourcecode.swift; path = SceneDelegate.swift; sourceTree = "<group>"; };
		7B57602E23CA64E300656D97 /* BLETest.xcdatamodel */ = {isa = PBXFileReference; lastKnownFileType = wrapper.xcdatamodel; path = BLETest.xcdatamodel; sourceTree = "<group>"; };
		7B57603023CA64E300656D97 /* ContentView.swift */ = {isa = PBXFileReference; lastKnownFileType = sourcecode.swift; path = ContentView.swift; sourceTree = "<group>"; };
		7B57603523CA64E900656D97 /* Preview Assets.xcassets */ = {isa = PBXFileReference; lastKnownFileType = folder.assetcatalog; path = "Preview Assets.xcassets"; sourceTree = "<group>"; };
		7B57603823CA64E900656D97 /* Base */ = {isa = PBXFileReference; lastKnownFileType = file.storyboard; name = Base; path = Base.lproj/LaunchScreen.storyboard; sourceTree = "<group>"; };
		7B57603A23CA64E900656D97 /* Info.plist */ = {isa = PBXFileReference; lastKnownFileType = text.plist.xml; path = Info.plist; sourceTree = "<group>"; };
		7B57603F23CA64E900656D97 /* JAFO-SwiftUITests.xctest */ = {isa = PBXFileReference; explicitFileType = wrapper.cfbundle; includeInIndex = 0; path = "JAFO-SwiftUITests.xctest"; sourceTree = BUILT_PRODUCTS_DIR; };
		7B57604323CA64E900656D97 /* BLETestTests.swift */ = {isa = PBXFileReference; lastKnownFileType = sourcecode.swift; path = BLETestTests.swift; sourceTree = "<group>"; };
		7B57604523CA64E900656D97 /* Info.plist */ = {isa = PBXFileReference; lastKnownFileType = text.plist.xml; path = Info.plist; sourceTree = "<group>"; };
		7B57604A23CA64E900656D97 /* JAFO-SwiftUIUITests.xctest */ = {isa = PBXFileReference; explicitFileType = wrapper.cfbundle; includeInIndex = 0; path = "JAFO-SwiftUIUITests.xctest"; sourceTree = BUILT_PRODUCTS_DIR; };
		7B57604E23CA64E900656D97 /* BLETestUITests.swift */ = {isa = PBXFileReference; lastKnownFileType = sourcecode.swift; path = BLETestUITests.swift; sourceTree = "<group>"; };
		7B57605023CA64E900656D97 /* Info.plist */ = {isa = PBXFileReference; lastKnownFileType = text.plist.xml; path = Info.plist; sourceTree = "<group>"; };
		7B57606023CA6DE300656D97 /* UUIDKey.swift */ = {isa = PBXFileReference; fileEncoding = 4; lastKnownFileType = sourcecode.swift; path = UUIDKey.swift; sourceTree = "<group>"; };
		7B6AF9AE23D6BC220009E971 /* Assets copy.xcassets */ = {isa = PBXFileReference; lastKnownFileType = folder.assetcatalog; path = "Assets copy.xcassets"; sourceTree = "<group>"; };
		7B6AF9B023D6C2660009E971 /* Default-568h@2x.png */ = {isa = PBXFileReference; lastKnownFileType = image.png; path = "Default-568h@2x.png"; sourceTree = "<group>"; };
		7B85D98E23D1642900DE33BC /* txStick.swift */ = {isa = PBXFileReference; lastKnownFileType = sourcecode.swift; path = txStick.swift; sourceTree = "<group>"; };
		7B85D99023D1F38500DE33BC /* cometTail.swift */ = {isa = PBXFileReference; lastKnownFileType = sourcecode.swift; path = cometTail.swift; sourceTree = "<group>"; };
		7B85D99223D2BC6C00DE33BC /* updateIncomingData.swift */ = {isa = PBXFileReference; lastKnownFileType = sourcecode.swift; path = updateIncomingData.swift; sourceTree = "<group>"; };
		7B85D99423D3E5EE00DE33BC /* BLELocation.swift */ = {isa = PBXFileReference; lastKnownFileType = sourcecode.swift; path = BLELocation.swift; sourceTree = "<group>"; };
		7BCC386023D4DD0B00B23DFD /* FieldMap.swift */ = {isa = PBXFileReference; lastKnownFileType = sourcecode.swift; path = FieldMap.swift; sourceTree = "<group>"; };
		7BCC386223D4E23800B23DFD /* JAFOMain.swift */ = {isa = PBXFileReference; lastKnownFileType = sourcecode.swift; path = JAFOMain.swift; sourceTree = "<group>"; };
		7BCC386623D4F70E00B23DFD /* JAFOMapOnly.swift */ = {isa = PBXFileReference; lastKnownFileType = sourcecode.swift; path = JAFOMapOnly.swift; sourceTree = "<group>"; };
		7BCC386823D4F78200B23DFD /* JAFODeviceList.swift */ = {isa = PBXFileReference; lastKnownFileType = sourcecode.swift; path = JAFODeviceList.swift; sourceTree = "<group>"; };
		7BCC386A23D5635C00B23DFD /* AlertView.swift */ = {isa = PBXFileReference; lastKnownFileType = sourcecode.swift; path = AlertView.swift; sourceTree = "<group>"; };
/* End PBXFileReference section */

/* Begin PBXFrameworksBuildPhase section */
		7B57602323CA64E300656D97 /* Frameworks */ = {
			isa = PBXFrameworksBuildPhase;
			buildActionMask = 2147483647;
			files = (
			);
			runOnlyForDeploymentPostprocessing = 0;
		};
		7B57603C23CA64E900656D97 /* Frameworks */ = {
			isa = PBXFrameworksBuildPhase;
			buildActionMask = 2147483647;
			files = (
			);
			runOnlyForDeploymentPostprocessing = 0;
		};
		7B57604723CA64E900656D97 /* Frameworks */ = {
			isa = PBXFrameworksBuildPhase;
			buildActionMask = 2147483647;
			files = (
			);
			runOnlyForDeploymentPostprocessing = 0;
		};
/* End PBXFrameworksBuildPhase section */

/* Begin PBXGroup section */
		7B57601D23CA64E300656D97 = {
			isa = PBXGroup;
			children = (
				7B6AF9B023D6C2660009E971 /* Default-568h@2x.png */,
				7B57602823CA64E300656D97 /* JAFO-SwiftUI */,
				7B57604223CA64E900656D97 /* JAFO-SwiftUITests */,
				7B57604D23CA64E900656D97 /* JAFO-SwiftUIUITests */,
				7B57602723CA64E300656D97 /* Products */,
			);
			sourceTree = "<group>";
		};
		7B57602723CA64E300656D97 /* Products */ = {
			isa = PBXGroup;
			children = (
				7B57602623CA64E300656D97 /* JAFO.app */,
				7B57603F23CA64E900656D97 /* JAFO-SwiftUITests.xctest */,
				7B57604A23CA64E900656D97 /* JAFO-SwiftUIUITests.xctest */,
			);
			name = Products;
			sourceTree = "<group>";
		};
		7B57602823CA64E300656D97 /* JAFO-SwiftUI */ = {
			isa = PBXGroup;
			children = (
				7B85D99423D3E5EE00DE33BC /* BLELocation.swift */,
				7B57602923CA64E300656D97 /* AppDelegate.swift */,
				7B57606023CA6DE300656D97 /* UUIDKey.swift */,
				7B57602B23CA64E300656D97 /* SceneDelegate.swift */,
				7BCC386223D4E23800B23DFD /* JAFOMain.swift */,
				7B57603023CA64E300656D97 /* ContentView.swift */,
				7B85D99223D2BC6C00DE33BC /* updateIncomingData.swift */,
				7BCC386A23D5635C00B23DFD /* AlertView.swift */,
				7BCC386623D4F70E00B23DFD /* JAFOMapOnly.swift */,
				7BCC386823D4F78200B23DFD /* JAFODeviceList.swift */,
				7BCC386023D4DD0B00B23DFD /* FieldMap.swift */,
				7B4BB44323D00A790008C02A /* drawTape.swift */,
				7B6AF9AE23D6BC220009E971 /* Assets copy.xcassets */,
				7B4BB43D23CCA8CC0008C02A /* fieldImage.swift */,
				7B85D99023D1F38500DE33BC /* cometTail.swift */,
				7B85D98E23D1642900DE33BC /* txStick.swift */,
				7B4BB43F23CCB31D0008C02A /* fieldAnnotation.swift */,
				7B4BB44123CCC8030008C02A /* Gauge.swift */,
				7B4BB43B23CC166C0008C02A /* findField.swift */,
				7B4BB43923CC15190008C02A /* ProgressBar.swift */,
				7B57603723CA64E900656D97 /* LaunchScreen.storyboard */,
				7B57603A23CA64E900656D97 /* Info.plist */,
				7B57602D23CA64E300656D97 /* BLETest.xcdatamodeld */,
				7B57603423CA64E900656D97 /* Preview Content */,
			);
			path = "JAFO-SwiftUI";
			sourceTree = "<group>";
		};
		7B57603423CA64E900656D97 /* Preview Content */ = {
			isa = PBXGroup;
			children = (
				7B57603523CA64E900656D97 /* Preview Assets.xcassets */,
			);
			path = "Preview Content";
			sourceTree = "<group>";
		};
		7B57604223CA64E900656D97 /* JAFO-SwiftUITests */ = {
			isa = PBXGroup;
			children = (
				7B57604323CA64E900656D97 /* BLETestTests.swift */,
				7B57604523CA64E900656D97 /* Info.plist */,
			);
			path = "JAFO-SwiftUITests";
			sourceTree = "<group>";
		};
		7B57604D23CA64E900656D97 /* JAFO-SwiftUIUITests */ = {
			isa = PBXGroup;
			children = (
				7B57604E23CA64E900656D97 /* BLETestUITests.swift */,
				7B57605023CA64E900656D97 /* Info.plist */,
			);
			path = "JAFO-SwiftUIUITests";
			sourceTree = "<group>";
		};
/* End PBXGroup section */

/* Begin PBXNativeTarget section */
		7B57602523CA64E300656D97 /* JAFO-SwiftUI */ = {
			isa = PBXNativeTarget;
			buildConfigurationList = 7B57605323CA64E900656D97 /* Build configuration list for PBXNativeTarget "JAFO-SwiftUI" */;
			buildPhases = (
				7B57602223CA64E300656D97 /* Sources */,
				7B57602323CA64E300656D97 /* Frameworks */,
				7B57602423CA64E300656D97 /* Resources */,
			);
			buildRules = (
			);
			dependencies = (
			);
			name = "JAFO-SwiftUI";
			productName = BLETest;
			productReference = 7B57602623CA64E300656D97 /* JAFO.app */;
			productType = "com.apple.product-type.application";
		};
		7B57603E23CA64E900656D97 /* JAFO-SwiftUITests */ = {
			isa = PBXNativeTarget;
			buildConfigurationList = 7B57605623CA64E900656D97 /* Build configuration list for PBXNativeTarget "JAFO-SwiftUITests" */;
			buildPhases = (
				7B57603B23CA64E900656D97 /* Sources */,
				7B57603C23CA64E900656D97 /* Frameworks */,
				7B57603D23CA64E900656D97 /* Resources */,
			);
			buildRules = (
			);
			dependencies = (
				7B57604123CA64E900656D97 /* PBXTargetDependency */,
			);
			name = "JAFO-SwiftUITests";
			productName = BLETestTests;
			productReference = 7B57603F23CA64E900656D97 /* JAFO-SwiftUITests.xctest */;
			productType = "com.apple.product-type.bundle.unit-test";
		};
		7B57604923CA64E900656D97 /* JAFO-SwiftUIUITests */ = {
			isa = PBXNativeTarget;
			buildConfigurationList = 7B57605923CA64E900656D97 /* Build configuration list for PBXNativeTarget "JAFO-SwiftUIUITests" */;
			buildPhases = (
				7B57604623CA64E900656D97 /* Sources */,
				7B57604723CA64E900656D97 /* Frameworks */,
				7B57604823CA64E900656D97 /* Resources */,
			);
			buildRules = (
			);
			dependencies = (
				7B57604C23CA64E900656D97 /* PBXTargetDependency */,
			);
			name = "JAFO-SwiftUIUITests";
			productName = BLETestUITests;
			productReference = 7B57604A23CA64E900656D97 /* JAFO-SwiftUIUITests.xctest */;
			productType = "com.apple.product-type.bundle.ui-testing";
		};
/* End PBXNativeTarget section */

/* Begin PBXProject section */
		7B57601E23CA64E300656D97 /* Project object */ = {
			isa = PBXProject;
			attributes = {
				LastSwiftUpdateCheck = 1110;
				LastUpgradeCheck = 1110;
				ORGANIZATIONNAME = "David Mcqueeney";
				TargetAttributes = {
					7B57602523CA64E300656D97 = {
						CreatedOnToolsVersion = 11.1;
					};
					7B57603E23CA64E900656D97 = {
						CreatedOnToolsVersion = 11.1;
						TestTargetID = 7B57602523CA64E300656D97;
					};
					7B57604923CA64E900656D97 = {
						CreatedOnToolsVersion = 11.1;
						TestTargetID = 7B57602523CA64E300656D97;
					};
				};
			};
			buildConfigurationList = 7B57602123CA64E300656D97 /* Build configuration list for PBXProject "JAFO-SwiftUI" */;
			compatibilityVersion = "Xcode 9.3";
			developmentRegion = en;
			hasScannedForEncodings = 0;
			knownRegions = (
				en,
				Base,
			);
			mainGroup = 7B57601D23CA64E300656D97;
			productRefGroup = 7B57602723CA64E300656D97 /* Products */;
			projectDirPath = "";
			projectRoot = "";
			targets = (
				7B57602523CA64E300656D97 /* JAFO-SwiftUI */,
				7B57603E23CA64E900656D97 /* JAFO-SwiftUITests */,
				7B57604923CA64E900656D97 /* JAFO-SwiftUIUITests */,
			);
		};
/* End PBXProject section */

/* Begin PBXResourcesBuildPhase section */
		7B57602423CA64E300656D97 /* Resources */ = {
			isa = PBXResourcesBuildPhase;
			buildActionMask = 2147483647;
			files = (
				7B57603923CA64E900656D97 /* LaunchScreen.storyboard in Resources */,
				7B6AF9B123D6C2660009E971 /* Default-568h@2x.png in Resources */,
				7B57603623CA64E900656D97 /* Preview Assets.xcassets in Resources */,
				7B6AF9AF23D6BC220009E971 /* Assets copy.xcassets in Resources */,
			);
			runOnlyForDeploymentPostprocessing = 0;
		};
		7B57603D23CA64E900656D97 /* Resources */ = {
			isa = PBXResourcesBuildPhase;
			buildActionMask = 2147483647;
			files = (
			);
			runOnlyForDeploymentPostprocessing = 0;
		};
		7B57604823CA64E900656D97 /* Resources */ = {
			isa = PBXResourcesBuildPhase;
			buildActionMask = 2147483647;
			files = (
			);
			runOnlyForDeploymentPostprocessing = 0;
		};
/* End PBXResourcesBuildPhase section */

/* Begin PBXSourcesBuildPhase section */
		7B57602223CA64E300656D97 /* Sources */ = {
			isa = PBXSourcesBuildPhase;
			buildActionMask = 2147483647;
			files = (
				7BCC386723D4F70E00B23DFD /* JAFOMapOnly.swift in Sources */,
				7B4BB44023CCB31D0008C02A /* fieldAnnotation.swift in Sources */,
				7B57606123CA6DE400656D97 /* UUIDKey.swift in Sources */,
				7B4BB43A23CC15190008C02A /* ProgressBar.swift in Sources */,
				7B4BB43E23CCA8CD0008C02A /* fieldImage.swift in Sources */,
				7BCC386B23D5635C00B23DFD /* AlertView.swift in Sources */,
				7B4BB43C23CC166C0008C02A /* findField.swift in Sources */,
				7B57602A23CA64E300656D97 /* AppDelegate.swift in Sources */,
				7B85D99123D1F38500DE33BC /* cometTail.swift in Sources */,
				7B85D98F23D1642900DE33BC /* txStick.swift in Sources */,
				7B57602F23CA64E300656D97 /* BLETest.xcdatamodeld in Sources */,
				7B4BB44223CCC8030008C02A /* Gauge.swift in Sources */,
				7B85D99523D3E5EE00DE33BC /* BLELocation.swift in Sources */,
				7BCC386123D4DD0B00B23DFD /* FieldMap.swift in Sources */,
				7B57603123CA64E300656D97 /* ContentView.swift in Sources */,
				7BCC386923D4F78200B23DFD /* JAFODeviceList.swift in Sources */,
				7BCC386323D4E23800B23DFD /* JAFOMain.swift in Sources */,
				7B57602C23CA64E300656D97 /* SceneDelegate.swift in Sources */,
				7B85D99323D2BC6C00DE33BC /* updateIncomingData.swift in Sources */,
				7B4BB44423D00A790008C02A /* drawTape.swift in Sources */,
			);
			runOnlyForDeploymentPostprocessing = 0;
		};
		7B57603B23CA64E900656D97 /* Sources */ = {
			isa = PBXSourcesBuildPhase;
			buildActionMask = 2147483647;
			files = (
				7B57604423CA64E900656D97 /* BLETestTests.swift in Sources */,
			);
			runOnlyForDeploymentPostprocessing = 0;
		};
		7B57604623CA64E900656D97 /* Sources */ = {
			isa = PBXSourcesBuildPhase;
			buildActionMask = 2147483647;
			files = (
				7B57604F23CA64E900656D97 /* BLETestUITests.swift in Sources */,
			);
			runOnlyForDeploymentPostprocessing = 0;
		};
/* End PBXSourcesBuildPhase section */

/* Begin PBXTargetDependency section */
		7B57604123CA64E900656D97 /* PBXTargetDependency */ = {
			isa = PBXTargetDependency;
			target = 7B57602523CA64E300656D97 /* JAFO-SwiftUI */;
			targetProxy = 7B57604023CA64E900656D97 /* PBXContainerItemProxy */;
		};
		7B57604C23CA64E900656D97 /* PBXTargetDependency */ = {
			isa = PBXTargetDependency;
			target = 7B57602523CA64E300656D97 /* JAFO-SwiftUI */;
			targetProxy = 7B57604B23CA64E900656D97 /* PBXContainerItemProxy */;
		};
/* End PBXTargetDependency section */

/* Begin PBXVariantGroup section */
		7B57603723CA64E900656D97 /* LaunchScreen.storyboard */ = {
			isa = PBXVariantGroup;
			children = (
				7B57603823CA64E900656D97 /* Base */,
			);
			name = LaunchScreen.storyboard;
			sourceTree = "<group>";
		};
/* End PBXVariantGroup section */

/* Begin XCBuildConfiguration section */
		7B57605123CA64E900656D97 /* Debug */ = {
			isa = XCBuildConfiguration;
			buildSettings = {
				ALWAYS_SEARCH_USER_PATHS = NO;
				CLANG_ANALYZER_NONNULL = YES;
				CLANG_ANALYZER_NUMBER_OBJECT_CONVERSION = YES_AGGRESSIVE;
				CLANG_CXX_LANGUAGE_STANDARD = "gnu++14";
				CLANG_CXX_LIBRARY = "libc++";
				CLANG_ENABLE_MODULES = YES;
				CLANG_ENABLE_OBJC_ARC = YES;
				CLANG_ENABLE_OBJC_WEAK = YES;
				CLANG_WARN_BLOCK_CAPTURE_AUTORELEASING = YES;
				CLANG_WARN_BOOL_CONVERSION = YES;
				CLANG_WARN_COMMA = YES;
				CLANG_WARN_CONSTANT_CONVERSION = YES;
				CLANG_WARN_DEPRECATED_OBJC_IMPLEMENTATIONS = YES;
				CLANG_WARN_DIRECT_OBJC_ISA_USAGE = YES_ERROR;
				CLANG_WARN_DOCUMENTATION_COMMENTS = YES;
				CLANG_WARN_EMPTY_BODY = YES;
				CLANG_WARN_ENUM_CONVERSION = YES;
				CLANG_WARN_INFINITE_RECURSION = YES;
				CLANG_WARN_INT_CONVERSION = YES;
				CLANG_WARN_NON_LITERAL_NULL_CONVERSION = YES;
				CLANG_WARN_OBJC_IMPLICIT_RETAIN_SELF = YES;
				CLANG_WARN_OBJC_LITERAL_CONVERSION = YES;
				CLANG_WARN_OBJC_ROOT_CLASS = YES_ERROR;
				CLANG_WARN_RANGE_LOOP_ANALYSIS = YES;
				CLANG_WARN_STRICT_PROTOTYPES = YES;
				CLANG_WARN_SUSPICIOUS_MOVE = YES;
				CLANG_WARN_UNGUARDED_AVAILABILITY = YES_AGGRESSIVE;
				CLANG_WARN_UNREACHABLE_CODE = YES;
				CLANG_WARN__DUPLICATE_METHOD_MATCH = YES;
				COPY_PHASE_STRIP = NO;
				DEBUG_INFORMATION_FORMAT = dwarf;
				ENABLE_STRICT_OBJC_MSGSEND = YES;
				ENABLE_TESTABILITY = YES;
				GCC_C_LANGUAGE_STANDARD = gnu11;
				GCC_DYNAMIC_NO_PIC = NO;
				GCC_NO_COMMON_BLOCKS = YES;
				GCC_OPTIMIZATION_LEVEL = 0;
				GCC_PREPROCESSOR_DEFINITIONS = (
					"DEBUG=1",
					"$(inherited)",
				);
				GCC_WARN_64_TO_32_BIT_CONVERSION = YES;
				GCC_WARN_ABOUT_RETURN_TYPE = YES_ERROR;
				GCC_WARN_UNDECLARED_SELECTOR = YES;
				GCC_WARN_UNINITIALIZED_AUTOS = YES_AGGRESSIVE;
				GCC_WARN_UNUSED_FUNCTION = YES;
				GCC_WARN_UNUSED_VARIABLE = YES;
				IPHONEOS_DEPLOYMENT_TARGET = 13.1;
				MTL_ENABLE_DEBUG_INFO = INCLUDE_SOURCE;
				MTL_FAST_MATH = YES;
				ONLY_ACTIVE_ARCH = YES;
				SDKROOT = iphoneos;
				SWIFT_ACTIVE_COMPILATION_CONDITIONS = DEBUG;
				SWIFT_OPTIMIZATION_LEVEL = "-Onone";
			};
			name = Debug;
		};
		7B57605223CA64E900656D97 /* Release */ = {
			isa = XCBuildConfiguration;
			buildSettings = {
				ALWAYS_SEARCH_USER_PATHS = NO;
				CLANG_ANALYZER_NONNULL = YES;
				CLANG_ANALYZER_NUMBER_OBJECT_CONVERSION = YES_AGGRESSIVE;
				CLANG_CXX_LANGUAGE_STANDARD = "gnu++14";
				CLANG_CXX_LIBRARY = "libc++";
				CLANG_ENABLE_MODULES = YES;
				CLANG_ENABLE_OBJC_ARC = YES;
				CLANG_ENABLE_OBJC_WEAK = YES;
				CLANG_WARN_BLOCK_CAPTURE_AUTORELEASING = YES;
				CLANG_WARN_BOOL_CONVERSION = YES;
				CLANG_WARN_COMMA = YES;
				CLANG_WARN_CONSTANT_CONVERSION = YES;
				CLANG_WARN_DEPRECATED_OBJC_IMPLEMENTATIONS = YES;
				CLANG_WARN_DIRECT_OBJC_ISA_USAGE = YES_ERROR;
				CLANG_WARN_DOCUMENTATION_COMMENTS = YES;
				CLANG_WARN_EMPTY_BODY = YES;
				CLANG_WARN_ENUM_CONVERSION = YES;
				CLANG_WARN_INFINITE_RECURSION = YES;
				CLANG_WARN_INT_CONVERSION = YES;
				CLANG_WARN_NON_LITERAL_NULL_CONVERSION = YES;
				CLANG_WARN_OBJC_IMPLICIT_RETAIN_SELF = YES;
				CLANG_WARN_OBJC_LITERAL_CONVERSION = YES;
				CLANG_WARN_OBJC_ROOT_CLASS = YES_ERROR;
				CLANG_WARN_RANGE_LOOP_ANALYSIS = YES;
				CLANG_WARN_STRICT_PROTOTYPES = YES;
				CLANG_WARN_SUSPICIOUS_MOVE = YES;
				CLANG_WARN_UNGUARDED_AVAILABILITY = YES_AGGRESSIVE;
				CLANG_WARN_UNREACHABLE_CODE = YES;
				CLANG_WARN__DUPLICATE_METHOD_MATCH = YES;
				COPY_PHASE_STRIP = NO;
				DEBUG_INFORMATION_FORMAT = "dwarf-with-dsym";
				ENABLE_NS_ASSERTIONS = NO;
				ENABLE_STRICT_OBJC_MSGSEND = YES;
				GCC_C_LANGUAGE_STANDARD = gnu11;
				GCC_NO_COMMON_BLOCKS = YES;
				GCC_WARN_64_TO_32_BIT_CONVERSION = YES;
				GCC_WARN_ABOUT_RETURN_TYPE = YES_ERROR;
				GCC_WARN_UNDECLARED_SELECTOR = YES;
				GCC_WARN_UNINITIALIZED_AUTOS = YES_AGGRESSIVE;
				GCC_WARN_UNUSED_FUNCTION = YES;
				GCC_WARN_UNUSED_VARIABLE = YES;
				IPHONEOS_DEPLOYMENT_TARGET = 13.1;
				MTL_ENABLE_DEBUG_INFO = NO;
				MTL_FAST_MATH = YES;
				SDKROOT = iphoneos;
				SWIFT_COMPILATION_MODE = wholemodule;
				SWIFT_OPTIMIZATION_LEVEL = "-O";
				VALIDATE_PRODUCT = YES;
			};
			name = Release;
		};
		7B57605423CA64E900656D97 /* Debug */ = {
			isa = XCBuildConfiguration;
			buildSettings = {
				ASSETCATALOG_COMPILER_APPICON_NAME = AppIcon;
				CODE_SIGN_STYLE = Automatic;
				DEVELOPMENT_ASSET_PATHS = "";
				DEVELOPMENT_TEAM = Y8UM4R3JR7;
				ENABLE_PREVIEWS = YES;
				INFOPLIST_FILE = "JAFO-SwiftUI/Info.plist";
				LD_RUNPATH_SEARCH_PATHS = (
					"$(inherited)",
					"@executable_path/Frameworks",
				);
				PRODUCT_BUNDLE_IDENTIFIER = "com.Marshall-Fazzone.JAFO-SwiftUI";
				PRODUCT_NAME = JAFO;
				SWIFT_VERSION = 5.0;
				TARGETED_DEVICE_FAMILY = "1,2";
			};
			name = Debug;
		};
		7B57605523CA64E900656D97 /* Release */ = {
			isa = XCBuildConfiguration;
			buildSettings = {
				ASSETCATALOG_COMPILER_APPICON_NAME = AppIcon;
				CODE_SIGN_STYLE = Automatic;
				DEVELOPMENT_ASSET_PATHS = "";
				DEVELOPMENT_TEAM = Y8UM4R3JR7;
				ENABLE_PREVIEWS = YES;
				INFOPLIST_FILE = "JAFO-SwiftUI/Info.plist";
				LD_RUNPATH_SEARCH_PATHS = (
					"$(inherited)",
					"@executable_path/Frameworks",
				);
				PRODUCT_BUNDLE_IDENTIFIER = "com.Marshall-Fazzone.JAFO-SwiftUI";
				PRODUCT_NAME = JAFO;
				SWIFT_VERSION = 5.0;
				TARGETED_DEVICE_FAMILY = "1,2";
			};
			name = Release;
		};
		7B57605723CA64E900656D97 /* Debug */ = {
			isa = XCBuildConfiguration;
			buildSettings = {
				ALWAYS_EMBED_SWIFT_STANDARD_LIBRARIES = YES;
				BUNDLE_LOADER = "$(TEST_HOST)";
				CODE_SIGN_STYLE = Automatic;
				DEVELOPMENT_TEAM = Y8UM4R3JR7;
				INFOPLIST_FILE = BLETestTests/Info.plist;
				IPHONEOS_DEPLOYMENT_TARGET = 13.1;
				LD_RUNPATH_SEARCH_PATHS = (
					"$(inherited)",
					"@executable_path/Frameworks",
					"@loader_path/Frameworks",
				);
				PRODUCT_BUNDLE_IDENTIFIER = "com.Marshall-Fazzone.BLETestTests";
				PRODUCT_NAME = "$(TARGET_NAME)";
				SWIFT_VERSION = 5.0;
				TARGETED_DEVICE_FAMILY = "1,2";
				TEST_HOST = "$(BUILT_PRODUCTS_DIR)/JAFO-SwiftUI.app/JAFO-SwiftUI";
			};
			name = Debug;
		};
		7B57605823CA64E900656D97 /* Release */ = {
			isa = XCBuildConfiguration;
			buildSettings = {
				ALWAYS_EMBED_SWIFT_STANDARD_LIBRARIES = YES;
				BUNDLE_LOADER = "$(TEST_HOST)";
				CODE_SIGN_STYLE = Automatic;
				DEVELOPMENT_TEAM = Y8UM4R3JR7;
				INFOPLIST_FILE = BLETestTests/Info.plist;
				IPHONEOS_DEPLOYMENT_TARGET = 13.1;
				LD_RUNPATH_SEARCH_PATHS = (
					"$(inherited)",
					"@executable_path/Frameworks",
					"@loader_path/Frameworks",
				);
				PRODUCT_BUNDLE_IDENTIFIER = "com.Marshall-Fazzone.BLETestTests";
				PRODUCT_NAME = "$(TARGET_NAME)";
				SWIFT_VERSION = 5.0;
				TARGETED_DEVICE_FAMILY = "1,2";
				TEST_HOST = "$(BUILT_PRODUCTS_DIR)/JAFO-SwiftUI.app/JAFO-SwiftUI";
			};
			name = Release;
		};
		7B57605A23CA64E900656D97 /* Debug */ = {
			isa = XCBuildConfiguration;
			buildSettings = {
				ALWAYS_EMBED_SWIFT_STANDARD_LIBRARIES = YES;
				CODE_SIGN_STYLE = Automatic;
				DEVELOPMENT_TEAM = Y8UM4R3JR7;
				INFOPLIST_FILE = BLETestUITests/Info.plist;
				LD_RUNPATH_SEARCH_PATHS = (
					"$(inherited)",
					"@executable_path/Frameworks",
					"@loader_path/Frameworks",
				);
				PRODUCT_BUNDLE_IDENTIFIER = "com.Marshall-Fazzone.BLETestUITests";
				PRODUCT_NAME = "$(TARGET_NAME)";
				SWIFT_VERSION = 5.0;
				TARGETED_DEVICE_FAMILY = "1,2";
				TEST_TARGET_NAME = BLETest;
			};
			name = Debug;
		};
		7B57605B23CA64E900656D97 /* Release */ = {
			isa = XCBuildConfiguration;
			buildSettings = {
				ALWAYS_EMBED_SWIFT_STANDARD_LIBRARIES = YES;
				CODE_SIGN_STYLE = Automatic;
				DEVELOPMENT_TEAM = Y8UM4R3JR7;
				INFOPLIST_FILE = BLETestUITests/Info.plist;
				LD_RUNPATH_SEARCH_PATHS = (
					"$(inherited)",
					"@executable_path/Frameworks",
					"@loader_path/Frameworks",
				);
				PRODUCT_BUNDLE_IDENTIFIER = "com.Marshall-Fazzone.BLETestUITests";
				PRODUCT_NAME = "$(TARGET_NAME)";
				SWIFT_VERSION = 5.0;
				TARGETED_DEVICE_FAMILY = "1,2";
				TEST_TARGET_NAME = BLETest;
			};
			name = Release;
		};
/* End XCBuildConfiguration section */

/* Begin XCConfigurationList section */
		7B57602123CA64E300656D97 /* Build configuration list for PBXProject "JAFO-SwiftUI" */ = {
			isa = XCConfigurationList;
			buildConfigurations = (
				7B57605123CA64E900656D97 /* Debug */,
				7B57605223CA64E900656D97 /* Release */,
			);
			defaultConfigurationIsVisible = 0;
			defaultConfigurationName = Release;
		};
		7B57605323CA64E900656D97 /* Build configuration list for PBXNativeTarget "JAFO-SwiftUI" */ = {
			isa = XCConfigurationList;
			buildConfigurations = (
				7B57605423CA64E900656D97 /* Debug */,
				7B57605523CA64E900656D97 /* Release */,
			);
			defaultConfigurationIsVisible = 0;
			defaultConfigurationName = Release;
		};
		7B57605623CA64E900656D97 /* Build configuration list for PBXNativeTarget "JAFO-SwiftUITests" */ = {
			isa = XCConfigurationList;
			buildConfigurations = (
				7B57605723CA64E900656D97 /* Debug */,
				7B57605823CA64E900656D97 /* Release */,
			);
			defaultConfigurationIsVisible = 0;
			defaultConfigurationName = Release;
		};
		7B57605923CA64E900656D97 /* Build configuration list for PBXNativeTarget "JAFO-SwiftUIUITests" */ = {
			isa = XCConfigurationList;
			buildConfigurations = (
				7B57605A23CA64E900656D97 /* Debug */,
				7B57605B23CA64E900656D97 /* Release */,
			);
			defaultConfigurationIsVisible = 0;
			defaultConfigurationName = Release;
		};
/* End XCConfigurationList section */

/* Begin XCVersionGroup section */
		7B57602D23CA64E300656D97 /* BLETest.xcdatamodeld */ = {
			isa = XCVersionGroup;
			children = (
				7B57602E23CA64E300656D97 /* BLETest.xcdatamodel */,
			);
			currentVersion = 7B57602E23CA64E300656D97 /* BLETest.xcdatamodel */;
			path = BLETest.xcdatamodeld;
			sourceTree = "<group>";
			versionGroupType = wrapper.xcdatamodel;
		};
/* End XCVersionGroup section */
	};
	rootObject = 7B57601E23CA64E300656D97 /* Project object */;
}
